
Microsoft Visual Studio Solution File, Format Version 12.00
# Visual Studio Version 17
VisualStudioVersion = 17.0.31903.59
MinimumVisualStudioVersion = 10.0.40219.1
Project("{2150E333-8FDC-42A3-9474-1A3956D46DE8}") = "src", "src", "{D04083B0-2824-4199-BE2A-91C2213C1D05}"
EndProject
Project("{FAE04EC0-301F-11D3-BF4B-00C04F79EFBC}") = "MoneyExtension", "src\MoneyExtension\MoneyExtension.csproj", "{62D7C18A-883E-498A-80FF-03FDF8376E3B}"
EndProject
Project("{FAE04EC0-301F-11D3-BF4B-00C04F79EFBC}") = "MoneyExtension.Tests", "src\MoneyExtension.Tests\MoneyExtension.Tests.csproj", "{DA090505-23FB-46C3-9BC9-792D5812FF79}"
EndProject
Global
	GlobalSection(SolutionConfigurationPlatforms) = preSolution
		Debug|Any CPU = Debug|Any CPU
		Release|Any CPU = Release|Any CPU
	EndGlobalSection
	GlobalSection(SolutionProperties) = preSolution
		HideSolutionNode = FALSE
	EndGlobalSection
	GlobalSection(ProjectConfigurationPlatforms) = postSolution
		{62D7C18A-883E-498A-80FF-03FDF8376E3B}.Debug|Any CPU.ActiveCfg = Debug|Any CPU
		{62D7C18A-883E-498A-80FF-03FDF8376E3B}.Debug|Any CPU.Build.0 = Debug|Any CPU
		{62D7C18A-883E-498A-80FF-03FDF8376E3B}.Release|Any CPU.ActiveCfg = Release|Any CPU
		{62D7C18A-883E-498A-80FF-03FDF8376E3B}.Release|Any CPU.Build.0 = Release|Any CPU
		{DA090505-23FB-46C3-9BC9-792D5812FF79}.Debug|Any CPU.ActiveCfg = Debug|Any CPU
		{DA090505-23FB-46C3-9BC9-792D5812FF79}.Debug|Any CPU.Build.0 = Debug|Any CPU
		{DA090505-23FB-46C3-9BC9-792D5812FF79}.Release|Any CPU.ActiveCfg = Release|Any CPU
		{DA090505-23FB-46C3-9BC9-792D5812FF79}.Release|Any CPU.Build.0 = Release|Any CPU
	EndGlobalSection
	GlobalSection(NestedProjects) = preSolution
		{62D7C18A-883E-498A-80FF-03FDF8376E3B} = {D04083B0-2824-4199-BE2A-91C2213C1D05}
		{DA090505-23FB-46C3-9BC9-792D5812FF79} = {D04083B0-2824-4199-BE2A-91C2213C1D05}
	EndGlobalSection
EndGlobal
